<?xml version="1.0" encoding="utf-8"?>
<Project ToolsVersion="4.0" xmlns="http://schemas.microsoft.com/developer/msbuild/2003">
  <ItemGroup>
    <Filter Include="Source Files">
      <UniqueIdentifier>{fb245dbb-6065-42ec-b78f-d5ef5ff050be}</UniqueIdentifier>
      <Extensions>cpp;c;cxx;rc;def;r;odl;idl;hpj;bat</Extensions>
    </Filter>
    <Filter Include="Header Files">
      <UniqueIdentifier>{73779aea-0d62-4dcf-b8c0-078cb981b1b8}</UniqueIdentifier>
      <Extensions>h;hpp;hxx;hm;inl</Extensions>
    </Filter>
    <Filter Include="Resource Files">
      <UniqueIdentifier>{656fd503-6236-40a7-aba2-65b9ae0b031c}</UniqueIdentifier>
      <Extensions>ico;cur;bmp;dlg;rc2;rct;bin;rgs;gif;jpg;jpeg;jpe</Extensions>
    </Filter>
  </ItemGroup>
  <ItemGroup>
    <ClCompile Include="AllPages.cpp">
      <Filter>Source Files</Filter>
    </ClCompile>
    <ClCompile Include="CalcBinary.cpp">
      <Filter>Source Files</Filter>
    </ClCompile>
    <ClCompile Include="CalcDlg.cpp">
      <Filter>Source Files</Filter>
    </ClCompile>
    <ClCompile Include="CalcResults.cpp">
      <Filter>Source Files</Filter>
    </ClCompile>
    <ClCompile Include="CalcUnary.cpp">
      <Filter>Source Files</Filter>
    </ClCompile>
    <ClCompile Include="ChildFrm.cpp">
      <Filter>Source Files</Filter>
    </ClCompile>
    <ClCompile Include="DlgInitValues.cpp">
      <Filter>Source Files</Filter>
    </ClCompile>
    <ClCompile Include="GridCell.cpp">
      <Filter>Source Files</Filter>
    </ClCompile>
    <ClCompile Include="GridCellBase.cpp">
      <Filter>Source Files</Filter>
    </ClCompile>
    <ClCompile Include="GridCtrl.cpp">
      <Filter>Source Files</Filter>
    </ClCompile>
    <ClCompile Include="GridDropTarget.cpp">
      <Filter>Source Files</Filter>
    </ClCompile>
    <ClCompile Include="InPlaceEdit.cpp">
      <Filter>Source Files</Filter>
    </ClCompile>
    <ClCompile Include="InPlaceList.cpp">
      <Filter>Source Files</Filter>
    </ClCompile>
    <ClCompile Include="MainFrm.cpp">
      <Filter>Source Files</Filter>
    </ClCompile>
    <ClCompile Include="MatrixGrid.cpp">
      <Filter>Source Files</Filter>
    </ClCompile>
    <ClCompile Include="MTXCalc.cpp">
      <Filter>Source Files</Filter>
    </ClCompile>
    <ClCompile Include="MTXCalcDoc.cpp">
      <Filter>Source Files</Filter>
    </ClCompile>
    <ClCompile Include="MTXCalcView.cpp">
      <Filter>Source Files</Filter>
    </ClCompile>
    <ClCompile Include="MtxRef.cpp">
      <Filter>Source Files</Filter>
    </ClCompile>
    <ClCompile Include="MtxSpecsDlg.cpp">
      <Filter>Source Files</Filter>
    </ClCompile>
    <ClCompile Include="TitleTip.cpp">
      <Filter>Source Files</Filter>
    </ClCompile>
    <ClCompile Include="xpException.cpp">
      <Filter>Source Files</Filter>
    </ClCompile>
    <ClCompile Include="xpMatrix.cpp">
      <Filter>Source Files</Filter>
    </ClCompile>
    <ClCompile Include="xpMtxTest.cpp">
      <Filter>Source Files</Filter>
    </ClCompile>
    <ClCompile Include="StdAfx.cpp">
      <Filter>Source Files</Filter>
    </ClCompile>
  </ItemGroup>
  <ItemGroup>
    <ClInclude Include="AllPages.h">
      <Filter>Header Files</Filter>
    </ClInclude>
    <ClInclude Include="CalcBinary.h">
      <Filter>Header Files</Filter>
    </ClInclude>
    <ClInclude Include="CalcDlg.h">
      <Filter>Header Files</Filter>
    </ClInclude>
    <ClInclude Include="CalcResults.h">
      <Filter>Header Files</Filter>
    </ClInclude>
    <ClInclude Include="CalcUnary.h">
      <Filter>Header Files</Filter>
    </ClInclude>
    <ClInclude Include="CellRange.h">
      <Filter>Header Files</Filter>
    </ClInclude>
    <ClInclude Include="ChildFrm.h">
      <Filter>Header Files</Filter>
    </ClInclude>
    <ClInclude Include="DlgInitValues.h">
      <Filter>Header Files</Filter>
    </ClInclude>
    <ClInclude Include="GridCtrl.h">
      <Filter>Header Files</Filter>
    </ClInclude>
    <ClInclude Include="GridDropTarget.h">
      <Filter>Header Files</Filter>
    </ClInclude>
    <ClInclude Include="InPlaceEdit.h">
      <Filter>Header Files</Filter>
    </ClInclude>
    <ClInclude Include="InPlaceList.h">
      <Filter>Header Files</Filter>
    </ClInclude>
    <ClInclude Include="..\..\xpFiles\LimitSingleInstance.h">
      <Filter>Header Files</Filter>
    </ClInclude>
    <ClInclude Include="MainFrm.h">
      <Filter>Header Files</Filter>
    </ClInclude>
    <ClInclude Include="MatrixGrid.h">
      <Filter>Header Files</Filter>
    </ClInclude>
    <ClInclude Include="MemDC.h">
      <Filter>Header Files</Filter>
    </ClInclude>
    <ClInclude Include="..\..\xpFiles\MemDC.h">
      <Filter>Header Files</Filter>
    </ClInclude>
    <ClInclude Include="MTXCalc.h">
      <Filter>Header Files</Filter>
    </ClInclude>
    <ClInclude Include="MTXCalcDoc.h">
      <Filter>Header Files</Filter>
    </ClInclude>
    <ClInclude Include="MTXCalcView.h">
      <Filter>Header Files</Filter>
    </ClInclude>
    <ClInclude Include="MtxRef.h">
      <Filter>Header Files</Filter>
    </ClInclude>
    <ClInclude Include="MtxSpecsDlg.h">
      <Filter>Header Files</Filter>
    </ClInclude>
    <ClInclude Include="StdAfx.h">
      <Filter>Header Files</Filter>
    </ClInclude>
    <ClInclude Include="TitleTip.h">
      <Filter>Header Files</Filter>
    </ClInclude>
    <ClInclude Include="xpException.h">
      <Filter>Header Files</Filter>
    </ClInclude>
    <ClInclude Include="xpMatrix.h">
      <Filter>Header Files</Filter>
    </ClInclude>
    <ClInclude Include="Resource.h">
      <Filter>Resource Files</Filter>
    </ClInclude>
  </ItemGroup>
  <ItemGroup>
    <CustomBuild Include="res\cursor1.cur">
      <Filter>Resource Files</Filter>
    </CustomBuild>
    <CustomBuild Include="res\MTXCalc.ico">
      <Filter>Resource Files</Filter>
    </CustomBuild>
    <CustomBuild Include="res\MTXCalcDoc.ico">
      <Filter>Resource Files</Filter>
    </CustomBuild>
    <CustomBuild Include="res\Toolbar.bmp">
      <Filter>Resource Files</Filter>
    </CustomBuild>
    <CustomBuild Include="ReadMe.txt" />
  </ItemGroup>
  <ItemGroup>
    <ResourceCompile Include="MTXCalc.rc">
      <Filter>Resource Files</Filter>
    </ResourceCompile>
  </ItemGroup>
  <ItemGroup>
    <None Include="resource.hm">
      <Filter>Resource Files</Filter>
    </None>
  </ItemGroup>
</Project>